<?xml version="1.0" encoding="utf-8"?>
<Project ToolsVersion="4.0" xmlns="http://schemas.microsoft.com/developer/msbuild/2003">
  <ItemGroup>
    <ClCompile Include="classunit.cpp">
      <Filter>源文件</Filter>
    </ClCompile>
    <ClCompile Include="course.cpp">
      <Filter>源文件</Filter>
    </ClCompile>
    <ClCompile Include="ga.cpp">
      <Filter>源文件</Filter>
    </ClCompile>
    <ClCompile Include="main.cpp">
      <Filter>源文件</Filter>
    </ClCompile>
    <ClCompile Include="pattern.cpp">
      <Filter>源文件</Filter>
    </ClCompile>
    <ClCompile Include="student.cpp">
      <Filter>源文件</Filter>
    </ClCompile>
    <ClCompile Include="teacher.cpp">
      <Filter>源文件</Filter>
    </ClCompile>
    <ClCompile Include="timetable.cpp">
      <Filter>源文件</Filter>
    </ClCompile>
    <ClCompile Include="schedule.cpp">
      <Filter>源文件</Filter>
    </ClCompile>
    <ClCompile Include="prefix.cpp">
      <Filter>源文件</Filter>
    </ClCompile>
  </ItemGroup>
  <ItemGroup>
    <ClInclude Include="classunit.h">
      <Filter>头文件</Filter>
    </ClInclude>
    <ClInclude Include="course.h">
      <Filter>头文件</Filter>
    </ClInclude>
    <ClInclude Include="ga.h">
      <Filter>头文件</Filter>
    </ClInclude>
    <ClInclude Include="pattern.h">
      <Filter>头文件</Filter>
    </ClInclude>
    <ClInclude Include="student.h">
      <Filter>头文件</Filter>
    </ClInclude>
    <ClInclude Include="teacher.h">
      <Filter>头文件</Filter>
    </ClInclude>
    <ClInclude Include="timetable.h">
      <Filter>头文件</Filter>
    </ClInclude>
    <ClInclude Include="schedule.h">
      <Filter>头文件</Filter>
    </ClInclude>
    <ClInclude Include="prefix.h">
      <Filter>头文件</Filter>
    </ClInclude>
  </ItemGroup>
  <ItemGroup>
    <Filter Include="头文件">
      <UniqueIdentifier>{f8abcb5e-d10c-4e3f-85e5-3fdfe4dcd201}</UniqueIdentifier>
    </Filter>
    <Filter Include="源文件">
      <UniqueIdentifier>{02d02898-a9cb-44f5-9a63-72de4218d4b3}</UniqueIdentifier>
    </Filter>
  </ItemGroup>
</Project>